
Microsoft Visual Studio Solution File, Format Version 12.00
# Visual Studio Version 17
VisualStudioVersion = 17.14.36705.20 d17.14
MinimumVisualStudioVersion = 10.0.40219.1
Project("{FAE04EC0-301F-11D3-BF4B-00C04F79EFBC}") = "ClasesPOO", "ClasesPOO\ClasesPOO.csproj", "{B2970C89-0F1E-4B3D-B67C-2CB297619A3C}"
EndProject
Global
	GlobalSection(SolutionConfigurationPlatforms) = preSolution
		Debug|Any CPU = Debug|Any CPU
		Release|Any CPU = Release|Any CPU
	EndGlobalSection
	GlobalSection(ProjectConfigurationPlatforms) = postSolution
		{B2970C89-0F1E-4B3D-B67C-2CB297619A3C}.Debug|Any CPU.ActiveCfg = Debug|Any CPU
		{B2970C89-0F1E-4B3D-B67C-2CB297619A3C}.Debug|Any CPU.Build.0 = Debug|Any CPU
		{B2970C89-0F1E-4B3D-B67C-2CB297619A3C}.Release|Any CPU.ActiveCfg = Release|Any CPU
		{B2970C89-0F1E-4B3D-B67C-2CB297619A3C}.Release|Any CPU.Build.0 = Release|Any CPU
	EndGlobalSection
	GlobalSection(SolutionProperties) = preSolution
		HideSolutionNode = FALSE
	EndGlobalSection
	GlobalSection(ExtensibilityGlobals) = postSolution
		SolutionGuid = {0077341A-DDDD-4B11-9478-D68AA8C19600}
	EndGlobalSection
EndGlobal
